
Microsoft Visual Studio Solution File, Format Version 12.00
# Visual Studio Version 17
VisualStudioVersion = 17.8.34322.80
MinimumVisualStudioVersion = 10.0.40219.1
Project("{9A19103F-16F7-4668-BE54-9A1E7A4F7556}") = "Security-Final-project", "Security-Final-project\Security-Final-project.csproj", "{D87C4D9B-FD82-427C-958D-8F00D0E74A45}"
EndProject
Project("{54435603-DBB4-11D2-8724-00A0C9A8B90C}") = "Security-Project", "Security-Project\Security-Project.vdproj", "{8F8197CF-0B94-422A-BC7D-C29BC274BE9D}"
EndProject
Global
	GlobalSection(SolutionConfigurationPlatforms) = preSolution
		Debug|Any CPU = Debug|Any CPU
		Release|Any CPU = Release|Any CPU
	EndGlobalSection
	GlobalSection(ProjectConfigurationPlatforms) = postSolution
		{D87C4D9B-FD82-427C-958D-8F00D0E74A45}.Debug|Any CPU.ActiveCfg = Debug|Any CPU
		{D87C4D9B-FD82-427C-958D-8F00D0E74A45}.Debug|Any CPU.Build.0 = Debug|Any CPU
		{D87C4D9B-FD82-427C-958D-8F00D0E74A45}.Release|Any CPU.ActiveCfg = Release|Any CPU
		{D87C4D9B-FD82-427C-958D-8F00D0E74A45}.Release|Any CPU.Build.0 = Release|Any CPU
		{8F8197CF-0B94-422A-BC7D-C29BC274BE9D}.Debug|Any CPU.ActiveCfg = Debug
		{8F8197CF-0B94-422A-BC7D-C29BC274BE9D}.Release|Any CPU.ActiveCfg = Release
	EndGlobalSection
	GlobalSection(SolutionProperties) = preSolution
		HideSolutionNode = FALSE
	EndGlobalSection
	GlobalSection(ExtensibilityGlobals) = postSolution
		SolutionGuid = {FEF96A9A-1435-4578-B34B-4E09E2B66520}
	EndGlobalSection
EndGlobal
